<?xml version="1.0" encoding="utf-8"?>
<Project ToolsVersion="4.0" xmlns="http://schemas.microsoft.com/developer/msbuild/2003">
  <ItemGroup>
    <Filter Include="Source Files">
      <UniqueIdentifier>{4FC737F1-C7A5-4376-A066-2A32D752A2FF}</UniqueIdentifier>
      <Extensions>cpp;c;cc;cxx;def;odl;idl;hpj;bat;asm;asmx</Extensions>
    </Filter>
    <Filter Include="Header Files">
      <UniqueIdentifier>{93995380-89BD-4b04-88EB-625FBE52EBFB}</UniqueIdentifier>
      <Extensions>h;hh;hpp;hxx;hm;inl;inc;xsd</Extensions>
    </Filter>
    <Filter Include="Resource Files">
      <UniqueIdentifier>{67DA6AB6-F800-4c08-8B7A-83BB121AAD01}</UniqueIdentifier>
      <Extensions>rc;ico;cur;bmp;dlg;rc2;rct;bin;rgs;gif;jpg;jpeg;jpe;resx;tiff;tif;png;wav;mfcribbon-ms</Extensions>
    </Filter>
    <Filter Include="src">
      <UniqueIdentifier>{ee0086b9-df86-477f-b9df-c7b394fb6b76}</UniqueIdentifier>
    </Filter>
    <Filter Include="src\_micro-api-readonly">
      <UniqueIdentifier>{5682a4d8-efb5-4b01-9a67-f90d74ebe438}</UniqueIdentifier>
    </Filter>
    <Filter Include="src\_micro-api-readonly\core">
      <UniqueIdentifier>{535914e4-86d5-4acd-aa21-53b26c4b423d}</UniqueIdentifier>
    </Filter>
    <Filter Include="src\_micro-api-readonly\core\avr">
      <UniqueIdentifier>{5817b78e-688c-4fbd-8f79-126b6a1aec82}</UniqueIdentifier>
    </Filter>
    <Filter Include="src\_micro-api-readonly\core\libmaple">
      <UniqueIdentifier>{7cb3cb8f-83a4-4a4c-9590-f2c8a71184d3}</UniqueIdentifier>
    </Filter>
    <Filter Include="src\_micro-api-readonly\core\libmaple\stm32f1">
      <UniqueIdentifier>{a9894242-5da3-480c-a75a-d11f7ebd174f}</UniqueIdentifier>
    </Filter>
    <Filter Include="src\_micro-api-readonly\core\libmaple\stm32f1\performance">
      <UniqueIdentifier>{1dbb581c-b372-4ed2-a874-2f1b37bd6261}</UniqueIdentifier>
    </Filter>
    <Filter Include="src\_micro-api-readonly\core\libmaple\usb">
      <UniqueIdentifier>{189b63de-a0ca-4544-b891-beaf0f57cabb}</UniqueIdentifier>
    </Filter>
    <Filter Include="src\_micro-api-readonly\core\libmaple\usb\stm32f1">
      <UniqueIdentifier>{bdc280bd-c1fe-4d90-b09c-2046e5e75985}</UniqueIdentifier>
    </Filter>
    <Filter Include="src\_micro-api-readonly\core\libmaple\usb\usb_lib">
      <UniqueIdentifier>{a6a9debe-7d32-457a-acdf-37449301576d}</UniqueIdentifier>
    </Filter>
    <Filter Include="src\_micro-api-readonly\core\stm32f1">
      <UniqueIdentifier>{4caa5ae1-82e1-44fd-9771-e99c2a69b413}</UniqueIdentifier>
    </Filter>
    <Filter Include="src\_micro-api-readonly\libraries">
      <UniqueIdentifier>{914a0efa-76fc-4a93-a2ca-957a55ee2217}</UniqueIdentifier>
    </Filter>
    <Filter Include="src\_micro-api-readonly\libraries\Adafruit_GFX_Library">
      <UniqueIdentifier>{b743ac2b-c73a-4d06-8a63-e16795211f08}</UniqueIdentifier>
    </Filter>
    <Filter Include="src\_micro-api-readonly\libraries\Adafruit_MCP23017_Arduino_Library">
      <UniqueIdentifier>{e70ab3c7-d265-4a81-bc21-0f52d16658f9}</UniqueIdentifier>
    </Filter>
    <Filter Include="src\_micro-api-readonly\libraries\Adafruit_SSD1306">
      <UniqueIdentifier>{32169569-0fe9-47da-8b17-2824608d6370}</UniqueIdentifier>
    </Filter>
    <Filter Include="src\_micro-api-readonly\libraries\BPLib">
      <UniqueIdentifier>{527cbfd8-2208-4a94-8141-b4ec33dda5a7}</UniqueIdentifier>
    </Filter>
    <Filter Include="src\_micro-api-readonly\libraries\eepromi2c_Anything">
      <UniqueIdentifier>{6d63f856-dfe4-4012-be20-d1b8eeb0cd36}</UniqueIdentifier>
    </Filter>
    <Filter Include="src\_micro-api-readonly\libraries\encoder">
      <UniqueIdentifier>{e8161aff-c883-4919-bfe9-cf7d39c6adea}</UniqueIdentifier>
    </Filter>
    <Filter Include="src\_micro-api-readonly\libraries\PS2Mouse">
      <UniqueIdentifier>{a8076ef9-8ffc-42b5-8385-4a8f12ffa663}</UniqueIdentifier>
    </Filter>
    <Filter Include="src\_micro-api-readonly\libraries\SdFat">
      <UniqueIdentifier>{3e497695-e066-4829-900e-5a85636f1f73}</UniqueIdentifier>
    </Filter>
    <Filter Include="src\_micro-api-readonly\libraries\SPI">
      <UniqueIdentifier>{9a3169f1-5da6-493c-9c84-a9bca9efce26}</UniqueIdentifier>
    </Filter>
    <Filter Include="src\_micro-api-readonly\libraries\TimedAction">
      <UniqueIdentifier>{bf228e18-a2c7-4cb0-97b8-61a29d79c935}</UniqueIdentifier>
    </Filter>
    <Filter Include="src\_micro-api-readonly\libraries\USBHID_stm32f1">
      <UniqueIdentifier>{38c74f86-396f-49e3-8112-c5065884b229}</UniqueIdentifier>
    </Filter>
    <Filter Include="src\_micro-api-readonly\libraries\Wire">
      <UniqueIdentifier>{f97007d0-279d-4e89-8307-6b0b33ea2bd5}</UniqueIdentifier>
    </Filter>
    <Filter Include="src\_micro-api-readonly\libraries\Wire\utility">
      <UniqueIdentifier>{e3eb2b4c-1fbf-4449-8870-791fae952297}</UniqueIdentifier>
    </Filter>
  </ItemGroup>
  <ItemGroup>
    <None Include="ComboProcessor.ino" />
    <None Include="..\..\libraries\Adafruit_GFX_Library\library.properties">
      <Filter>src\_micro-api-readonly\libraries\Adafruit_GFX_Library</Filter>
    </None>
    <None Include="..\..\libraries\Adafruit_MCP23017_Arduino_Library\library.properties">
      <Filter>src\_micro-api-readonly\libraries\Adafruit_MCP23017_Arduino_Library</Filter>
    </None>
    <None Include="..\..\libraries\Adafruit_SSD1306\library.properties">
      <Filter>src\_micro-api-readonly\libraries\Adafruit_SSD1306</Filter>
    </None>
    <None Include="..\..\libraries\BPLib\library.properties">
      <Filter>src\_micro-api-readonly\libraries\BPLib</Filter>
    </None>
    <None Include="..\..\libraries\encoder\library.json">
      <Filter>src\_micro-api-readonly\libraries\encoder</Filter>
    </None>
    <None Include="..\..\libraries\SdFat\library.properties">
      <Filter>src\_micro-api-readonly\libraries\SdFat</Filter>
    </None>
    <None Include="..\..\libraries\SdFat\extras\SdFat.html">
      <Filter>src\_micro-api-readonly\libraries\SdFat</Filter>
    </None>
    <None Include="..\..\libraries\SdFat\extras\html\annotated.html">
      <Filter>src\_micro-api-readonly\libraries\SdFat</Filter>
    </None>
    <None Include="..\..\libraries\SdFat\extras\html\bufstream_8h.html">
      <Filter>src\_micro-api-readonly\libraries\SdFat</Filter>
    </None>
    <None Include="..\..\libraries\SdFat\extras\html\classes.html">
      <Filter>src\_micro-api-readonly\libraries\SdFat</Filter>
    </None>
    <None Include="..\..\libraries\SdFat\extras\html\classfstream-members.html">
      <Filter>src\_micro-api-readonly\libraries\SdFat</Filter>
    </None>
    <None Include="..\..\libraries\SdFat\extras\html\classfstream.html">
      <Filter>src\_micro-api-readonly\libraries\SdFat</Filter>
    </None>
    <None Include="..\..\libraries\SdFat\extras\html\classibufstream-members.html">
      <Filter>src\_micro-api-readonly\libraries\SdFat</Filter>
    </None>
    <None Include="..\..\libraries\SdFat\extras\html\classibufstream.html">
      <Filter>src\_micro-api-readonly\libraries\SdFat</Filter>
    </None>
    <None Include="..\..\libraries\SdFat\extras\html\classifstream-members.html">
      <Filter>src\_micro-api-readonly\libraries\SdFat</Filter>
    </None>
    <None Include="..\..\libraries\SdFat\extras\html\classifstream.html">
      <Filter>src\_micro-api-readonly\libraries\SdFat</Filter>
    </None>
    <None Include="..\..\libraries\SdFat\extras\html\classios-members.html">
      <Filter>src\_micro-api-readonly\libraries\SdFat</Filter>
    </None>
    <None Include="..\..\libraries\SdFat\extras\html\classios.html">
      <Filter>src\_micro-api-readonly\libraries\SdFat</Filter>
    </None>
    <None Include="..\..\libraries\SdFat\extras\html\classiostream-members.html">
      <Filter>src\_micro-api-readonly\libraries\SdFat</Filter>
    </None>
    <None Include="..\..\libraries\SdFat\extras\html\classiostream.html">
      <Filter>src\_micro-api-readonly\libraries\SdFat</Filter>
    </None>
    <None Include="..\..\libraries\SdFat\extras\html\classios__base-members.html">
      <Filter>src\_micro-api-readonly\libraries\SdFat</Filter>
    </None>
    <None Include="..\..\libraries\SdFat\extras\html\classios__base.html">
      <Filter>src\_micro-api-readonly\libraries\SdFat</Filter>
    </None>
    <None Include="..\..\libraries\SdFat\extras\html\classistream-members.html">
      <Filter>src\_micro-api-readonly\libraries\SdFat</Filter>
    </None>
    <None Include="..\..\libraries\SdFat\extras\html\classistream.html">
      <Filter>src\_micro-api-readonly\libraries\SdFat</Filter>
    </None>
    <None Include="..\..\libraries\SdFat\extras\html\classobufstream-members.html">
      <Filter>src\_micro-api-readonly\libraries\SdFat</Filter>
    </None>
    <None Include="..\..\libraries\SdFat\extras\html\classobufstream.html">
      <Filter>src\_micro-api-readonly\libraries\SdFat</Filter>
    </None>
    <None Include="..\..\libraries\SdFat\extras\html\classofstream-members.html">
      <Filter>src\_micro-api-readonly\libraries\SdFat</Filter>
    </None>
    <None Include="..\..\libraries\SdFat\extras\html\classofstream.html">
      <Filter>src\_micro-api-readonly\libraries\SdFat</Filter>
    </None>
    <None Include="..\..\libraries\SdFat\extras\html\classostream-members.html">
      <Filter>src\_micro-api-readonly\libraries\SdFat</Filter>
    </None>
    <None Include="..\..\libraries\SdFat\extras\html\classostream.html">
      <Filter>src\_micro-api-readonly\libraries\SdFat</Filter>
    </None>
    <None Include="..\..\libraries\SdFat\extras\html\class_arduino_in_stream-members.html">
      <Filter>src\_micro-api-readonly\libraries\SdFat</Filter>
    </None>
    <None Include="..\..\libraries\SdFat\extras\html\class_arduino_in_stream.html">
      <Filter>src\_micro-api-readonly\libraries\SdFat</Filter>
    </None>
    <None Include="..\..\libraries\SdFat\extras\html\class_arduino_out_stream-members.html">
      <Filter>src\_micro-api-readonly\libraries\SdFat</Filter>
    </None>
    <None Include="..\..\libraries\SdFat\extras\html\class_arduino_out_stream.html">
      <Filter>src\_micro-api-readonly\libraries\SdFat</Filter>
    </None>
    <None Include="..\..\libraries\SdFat\extras\html\class_base_block_driver-members.html">
      <Filter>src\_micro-api-readonly\libraries\SdFat</Filter>
    </None>
    <None Include="..\..\libraries\SdFat\extras\html\class_base_block_driver.html">
      <Filter>src\_micro-api-readonly\libraries\SdFat</Filter>
    </None>
    <None Include="..\..\libraries\SdFat\extras\html\class_fat_cache-members.html">
      <Filter>src\_micro-api-readonly\libraries\SdFat</Filter>
    </None>
    <None Include="..\..\libraries\SdFat\extras\html\class_fat_cache.html">
      <Filter>src\_micro-api-readonly\libraries\SdFat</Filter>
    </None>
    <None Include="..\..\libraries\SdFat\extras\html\class_fat_file-members.html">
      <Filter>src\_micro-api-readonly\libraries\SdFat</Filter>
    </None>
    <None Include="..\..\libraries\SdFat\extras\html\class_fat_file.html">
      <Filter>src\_micro-api-readonly\libraries\SdFat</Filter>
    </None>
    <None Include="..\..\libraries\SdFat\extras\html\class_fat_file_system-members.html">
      <Filter>src\_micro-api-readonly\libraries\SdFat</Filter>
    </None>
    <None Include="..\..\libraries\SdFat\extras\html\class_fat_file_system.html">
      <Filter>src\_micro-api-readonly\libraries\SdFat</Filter>
    </None>
    <None Include="..\..\libraries\SdFat\extras\html\class_fat_stream_base-members.html">
      <Filter>src\_micro-api-readonly\libraries\SdFat</Filter>
    </None>
    <None Include="..\..\libraries\SdFat\extras\html\class_fat_stream_base.html">
      <Filter>src\_micro-api-readonly\libraries\SdFat</Filter>
    </None>
    <None Include="..\..\libraries\SdFat\extras\html\class_fat_volume-members.html">
      <Filter>src\_micro-api-readonly\libraries\SdFat</Filter>
    </None>
    <None Include="..\..\libraries\SdFat\extras\html\class_fat_volume.html">
      <Filter>src\_micro-api-readonly\libraries\SdFat</Filter>
    </None>
    <None Include="..\..\libraries\SdFat\extras\html\class_file-members.html">
      <Filter>src\_micro-api-readonly\libraries\SdFat</Filter>
    </None>
    <None Include="..\..\libraries\SdFat\extras\html\class_file.html">
      <Filter>src\_micro-api-readonly\libraries\SdFat</Filter>
    </None>
    <None Include="..\..\libraries\SdFat\extras\html\class_minimum_serial-members.html">
      <Filter>src\_micro-api-readonly\libraries\SdFat</Filter>
    </None>
    <None Include="..\..\libraries\SdFat\extras\html\class_minimum_serial.html">
      <Filter>src\_micro-api-readonly\libraries\SdFat</Filter>
    </None>
    <None Include="..\..\libraries\SdFat\extras\html\class_print_file-members.html">
      <Filter>src\_micro-api-readonly\libraries\SdFat</Filter>
    </None>
    <None Include="..\..\libraries\SdFat\extras\html\class_print_file.html">
      <Filter>src\_micro-api-readonly\libraries\SdFat</Filter>
    </None>
    <None Include="..\..\libraries\SdFat\extras\html\class_sd2_card-members.html">
      <Filter>src\_micro-api-readonly\libraries\SdFat</Filter>
    </None>
    <None Include="..\..\libraries\SdFat\extras\html\class_sd2_card.html">
      <Filter>src\_micro-api-readonly\libraries\SdFat</Filter>
    </None>
    <None Include="..\..\libraries\SdFat\extras\html\class_sdio_card-members.html">
      <Filter>src\_micro-api-readonly\libraries\SdFat</Filter>
    </None>
    <None Include="..\..\libraries\SdFat\extras\html\class_sdio_card.html">
      <Filter>src\_micro-api-readonly\libraries\SdFat</Filter>
    </None>
    <None Include="..\..\libraries\SdFat\extras\html\class_sd_base_file-members.html">
      <Filter>src\_micro-api-readonly\libraries\SdFat</Filter>
    </None>
    <None Include="..\..\libraries\SdFat\extras\html\class_sd_base_file.html">
      <Filter>src\_micro-api-readonly\libraries\SdFat</Filter>
    </None>
    <None Include="..\..\libraries\SdFat\extras\html\class_sd_fat-members.html">
      <Filter>src\_micro-api-readonly\libraries\SdFat</Filter>
    </None>
    <None Include="..\..\libraries\SdFat\extras\html\class_sd_fat.html">
      <Filter>src\_micro-api-readonly\libraries\SdFat</Filter>
    </None>
    <None Include="..\..\libraries\SdFat\extras\html\class_sd_fat_e_x-members.html">
      <Filter>src\_micro-api-readonly\libraries\SdFat</Filter>
    </None>
    <None Include="..\..\libraries\SdFat\extras\html\class_sd_fat_e_x.html">
      <Filter>src\_micro-api-readonly\libraries\SdFat</Filter>
    </None>
    <None Include="..\..\libraries\SdFat\extras\html\class_sd_fat_sdio-members.html">
      <Filter>src\_micro-api-readonly\libraries\SdFat</Filter>
    </None>
    <None Include="..\..\libraries\SdFat\extras\html\class_sd_fat_sdio.html">
      <Filter>src\_micro-api-readonly\libraries\SdFat</Filter>
    </None>
    <None Include="..\..\libraries\SdFat\extras\html\class_sd_fat_soft_spi-members.html">
      <Filter>src\_micro-api-readonly\libraries\SdFat</Filter>
    </None>
    <None Include="..\..\libraries\SdFat\extras\html\class_sd_fat_soft_spi.html">
      <Filter>src\_micro-api-readonly\libraries\SdFat</Filter>
    </None>
    <None Include="..\..\libraries\SdFat\extras\html\class_sd_fat_soft_spi_e_x-members.html">
      <Filter>src\_micro-api-readonly\libraries\SdFat</Filter>
    </None>
    <None Include="..\..\libraries\SdFat\extras\html\class_sd_fat_soft_spi_e_x.html">
      <Filter>src\_micro-api-readonly\libraries\SdFat</Filter>
    </None>
    <None Include="..\..\libraries\SdFat\extras\html\class_sd_file-members.html">
      <Filter>src\_micro-api-readonly\libraries\SdFat</Filter>
    </None>
    <None Include="..\..\libraries\SdFat\extras\html\class_sd_file.html">
      <Filter>src\_micro-api-readonly\libraries\SdFat</Filter>
    </None>
    <None Include="..\..\libraries\SdFat\extras\html\class_sd_file_system-members.html">
      <Filter>src\_micro-api-readonly\libraries\SdFat</Filter>
    </None>
    <None Include="..\..\libraries\SdFat\extras\html\class_sd_file_system.html">
      <Filter>src\_micro-api-readonly\libraries\SdFat</Filter>
    </None>
    <None Include="..\..\libraries\SdFat\extras\html\class_sd_spi_card-members.html">
      <Filter>src\_micro-api-readonly\libraries\SdFat</Filter>
    </None>
    <None Include="..\..\libraries\SdFat\extras\html\class_sd_spi_card.html">
      <Filter>src\_micro-api-readonly\libraries\SdFat</Filter>
    </None>
    <None Include="..\..\libraries\SdFat\extras\html\class_sd_spi_card_e_x-members.html">
      <Filter>src\_micro-api-readonly\libraries\SdFat</Filter>
    </None>
    <None Include="..\..\libraries\SdFat\extras\html\class_sd_spi_card_e_x.html">
      <Filter>src\_micro-api-readonly\libraries\SdFat</Filter>
    </None>
    <None Include="..\..\libraries\SdFat\extras\html\class_stdio_stream-members.html">
      <Filter>src\_micro-api-readonly\libraries\SdFat</Filter>
    </None>
    <None Include="..\..\libraries\SdFat\extras\html\class_stdio_stream.html">
      <Filter>src\_micro-api-readonly\libraries\SdFat</Filter>
    </None>
    <None Include="..\..\libraries\SdFat\extras\html\class_sys_call-members.html">
      <Filter>src\_micro-api-readonly\libraries\SdFat</Filter>
    </None>
    <None Include="..\..\libraries\SdFat\extras\html\class_sys_call.html">
      <Filter>src\_micro-api-readonly\libraries\SdFat</Filter>
    </None>
    <None Include="..\..\libraries\SdFat\extras\html\dir_000004_000006.html">
      <Filter>src\_micro-api-readonly\libraries\SdFat</Filter>
    </None>
    <None Include="..\..\libraries\SdFat\extras\html\dir_1281b15c327061056ab3b326e90c50cf.html">
      <Filter>src\_micro-api-readonly\libraries\SdFat</Filter>
    </None>
    <None Include="..\..\libraries\SdFat\extras\html\dir_481cc946b8a81b8d9363a4aad6201160.html">
      <Filter>src\_micro-api-readonly\libraries\SdFat</Filter>
    </None>
    <None Include="..\..\libraries\SdFat\extras\html\dir_63fabcaba1b3b939579f46003349a6c5.html">
      <Filter>src\_micro-api-readonly\libraries\SdFat</Filter>
    </None>
    <None Include="..\..\libraries\SdFat\extras\html\dir_7e472674a7b7d2590a789f197241f95f.html">
      <Filter>src\_micro-api-readonly\libraries\SdFat</Filter>
    </None>
    <None Include="..\..\libraries\SdFat\extras\html\dir_a70af2fb8f1edf8b7124f41d82dbf480.html">
      <Filter>src\_micro-api-readonly\libraries\SdFat</Filter>
    </None>
    <None Include="..\..\libraries\SdFat\extras\html\dir_a991eec27578c865874ede3d8ec657c2.html">
      <Filter>src\_micro-api-readonly\libraries\SdFat</Filter>
    </None>
    <None Include="..\..\libraries\SdFat\extras\html\dir_c18d6c86f7b0afecac5c3a8a9885031e.html">
      <Filter>src\_micro-api-readonly\libraries\SdFat</Filter>
    </None>
    <None Include="..\..\libraries\SdFat\extras\html\files.html">
      <Filter>src\_micro-api-readonly\libraries\SdFat</Filter>
    </None>
    <None Include="..\..\libraries\SdFat\extras\html\fstream_8h.html">
      <Filter>src\_micro-api-readonly\libraries\SdFat</Filter>
    </None>
    <None Include="..\..\libraries\SdFat\extras\html\functions.html">
      <Filter>src\_micro-api-readonly\libraries\SdFat</Filter>
    </None>
    <None Include="..\..\libraries\SdFat\extras\html\functions_b.html">
      <Filter>src\_micro-api-readonly\libraries\SdFat</Filter>
    </None>
    <None Include="..\..\libraries\SdFat\extras\html\functions_c.html">
      <Filter>src\_micro-api-readonly\libraries\SdFat</Filter>
    </None>
    <None Include="..\..\libraries\SdFat\extras\html\functions_d.html">
      <Filter>src\_micro-api-readonly\libraries\SdFat</Filter>
    </None>
    <None Include="..\..\libraries\SdFat\extras\html\functions_e.html">
      <Filter>src\_micro-api-readonly\libraries\SdFat</Filter>
    </None>
    <None Include="..\..\libraries\SdFat\extras\html\functions_enum.html">
      <Filter>src\_micro-api-readonly\libraries\SdFat</Filter>
    </None>
    <None Include="..\..\libraries\SdFat\extras\html\functions_eval.html">
      <Filter>src\_micro-api-readonly\libraries\SdFat</Filter>
    </None>
    <None Include="..\..\libraries\SdFat\extras\html\functions_f.html">
      <Filter>src\_micro-api-readonly\libraries\SdFat</Filter>
    </None>
    <None Include="..\..\libraries\SdFat\extras\html\functions_func.html">
      <Filter>src\_micro-api-readonly\libraries\SdFat</Filter>
    </None>
    <None Include="..\..\libraries\SdFat\extras\html\functions_func_b.html">
      <Filter>src\_micro-api-readonly\libraries\SdFat</Filter>
    </None>
    <None Include="..\..\libraries\SdFat\extras\html\functions_func_c.html">
      <Filter>src\_micro-api-readonly\libraries\SdFat</Filter>
    </None>
    <None Include="..\..\libraries\SdFat\extras\html\functions_func_d.html">
      <Filter>src\_micro-api-readonly\libraries\SdFat</Filter>
    </None>
    <None Include="..\..\libraries\SdFat\extras\html\functions_func_e.html">
      <Filter>src\_micro-api-readonly\libraries\SdFat</Filter>
    </None>
    <None Include="..\..\libraries\SdFat\extras\html\functions_func_f.html">
      <Filter>src\_micro-api-readonly\libraries\SdFat</Filter>
    </None>
    <None Include="..\..\libraries\SdFat\extras\html\functions_func_g.html">
      <Filter>src\_micro-api-readonly\libraries\SdFat</Filter>
    </None>
    <None Include="..\..\libraries\SdFat\extras\html\functions_func_h.html">
      <Filter>src\_micro-api-readonly\libraries\SdFat</Filter>
    </None>
    <None Include="..\..\libraries\SdFat\extras\html\functions_func_i.html">
      <Filter>src\_micro-api-readonly\libraries\SdFat</Filter>
    </None>
    <None Include="..\..\libraries\SdFat\extras\html\functions_func_l.html">
      <Filter>src\_micro-api-readonly\libraries\SdFat</Filter>
    </None>
    <None Include="..\..\libraries\SdFat\extras\html\functions_func_m.html">
      <Filter>src\_micro-api-readonly\libraries\SdFat</Filter>
    </None>
    <None Include="..\..\libraries\SdFat\extras\html\functions_func_n.html">
      <Filter>src\_micro-api-readonly\libraries\SdFat</Filter>
    </None>
    <None Include="..\..\libraries\SdFat\extras\html\functions_func_o.html">
      <Filter>src\_micro-api-readonly\libraries\SdFat</Filter>
    </None>
    <None Include="..\..\libraries\SdFat\extras\html\functions_func_p.html">
      <Filter>src\_micro-api-readonly\libraries\SdFat</Filter>
    </None>
    <None Include="..\..\libraries\SdFat\extras\html\functions_func_r.html">
      <Filter>src\_micro-api-readonly\libraries\SdFat</Filter>
    </None>
    <None Include="..\..\libraries\SdFat\extras\html\functions_func_s.html">
      <Filter>src\_micro-api-readonly\libraries\SdFat</Filter>
    </None>
    <None Include="..\..\libraries\SdFat\extras\html\functions_func_t.html">
      <Filter>src\_micro-api-readonly\libraries\SdFat</Filter>
    </None>
    <None Include="..\..\libraries\SdFat\extras\html\functions_func_u.html">
      <Filter>src\_micro-api-readonly\libraries\SdFat</Filter>
    </None>
    <None Include="..\..\libraries\SdFat\extras\html\functions_func_v.html">
      <Filter>src\_micro-api-readonly\libraries\SdFat</Filter>
    </None>
    <None Include="..\..\libraries\SdFat\extras\html\functions_func_w.html">
      <Filter>src\_micro-api-readonly\libraries\SdFat</Filter>
    </None>
    <None Include="..\..\libraries\SdFat\extras\html\functions_func_y.html">
      <Filter>src\_micro-api-readonly\libraries\SdFat</Filter>
    </None>
    <None Include="..\..\libraries\SdFat\extras\html\functions_g.html">
      <Filter>src\_micro-api-readonly\libraries\SdFat</Filter>
    </None>
    <None Include="..\..\libraries\SdFat\extras\html\functions_h.html">
      <Filter>src\_micro-api-readonly\libraries\SdFat</Filter>
    </None>
    <None Include="..\..\libraries\SdFat\extras\html\functions_i.html">
      <Filter>src\_micro-api-readonly\libraries\SdFat</Filter>
    </None>
    <None Include="..\..\libraries\SdFat\extras\html\functions_j.html">
      <Filter>src\_micro-api-readonly\libraries\SdFat</Filter>
    </None>
    <None Include="..\..\libraries\SdFat\extras\html\functions_l.html">
      <Filter>src\_micro-api-readonly\libraries\SdFat</Filter>
    </None>
    <None Include="..\..\libraries\SdFat\extras\html\functions_m.html">
      <Filter>src\_micro-api-readonly\libraries\SdFat</Filter>
    </None>
    <None Include="..\..\libraries\SdFat\extras\html\functions_n.html">
      <Filter>src\_micro-api-readonly\libraries\SdFat</Filter>
    </None>
    <None Include="..\..\libraries\SdFat\extras\html\functions_o.html">
      <Filter>src\_micro-api-readonly\libraries\SdFat</Filter>
    </None>
    <None Include="..\..\libraries\SdFat\extras\html\functions_p.html">
      <Filter>src\_micro-api-readonly\libraries\SdFat</Filter>
    </None>
    <None Include="..\..\libraries\SdFat\extras\html\functions_r.html">
      <Filter>src\_micro-api-readonly\libraries\SdFat</Filter>
    </None>
    <None Include="..\..\libraries\SdFat\extras\html\functions_s.html">
      <Filter>src\_micro-api-readonly\libraries\SdFat</Filter>
    </None>
    <None Include="..\..\libraries\SdFat\extras\html\functions_t.html">
      <Filter>src\_micro-api-readonly\libraries\SdFat</Filter>
    </None>
    <None Include="..\..\libraries\SdFat\extras\html\functions_type.html">
      <Filter>src\_micro-api-readonly\libraries\SdFat</Filter>
    </None>
    <None Include="..\..\libraries\SdFat\extras\html\functions_u.html">
      <Filter>src\_micro-api-readonly\libraries\SdFat</Filter>
    </None>
    <None Include="..\..\libraries\SdFat\extras\html\functions_v.html">
      <Filter>src\_micro-api-readonly\libraries\SdFat</Filter>
    </None>
    <None Include="..\..\libraries\SdFat\extras\html\functions_vars.html">
      <Filter>src\_micro-api-readonly\libraries\SdFat</Filter>
    </None>
    <None Include="..\..\libraries\SdFat\extras\html\functions_w.html">
      <Filter>src\_micro-api-readonly\libraries\SdFat</Filter>
    </None>
    <None Include="..\..\libraries\SdFat\extras\html\functions_y.html">
      <Filter>src\_micro-api-readonly\libraries\SdFat</Filter>
    </None>
    <None Include="..\..\libraries\SdFat\extras\html\globals.html">
      <Filter>src\_micro-api-readonly\libraries\SdFat</Filter>
    </None>
    <None Include="..\..\libraries\SdFat\extras\html\globals_defs.html">
      <Filter>src\_micro-api-readonly\libraries\SdFat</Filter>
    </None>
    <None Include="..\..\libraries\SdFat\extras\html\globals_func.html">
      <Filter>src\_micro-api-readonly\libraries\SdFat</Filter>
    </None>
    <None Include="..\..\libraries\SdFat\extras\html\globals_type.html">
      <Filter>src\_micro-api-readonly\libraries\SdFat</Filter>
    </None>
    <None Include="..\..\libraries\SdFat\extras\html\globals_vars.html">
      <Filter>src\_micro-api-readonly\libraries\SdFat</Filter>
    </None>
    <None Include="..\..\libraries\SdFat\extras\html\graph_legend.html">
      <Filter>src\_micro-api-readonly\libraries\SdFat</Filter>
    </None>
    <None Include="..\..\libraries\SdFat\extras\html\hierarchy.html">
      <Filter>src\_micro-api-readonly\libraries\SdFat</Filter>
    </None>
    <None Include="..\..\libraries\SdFat\extras\html\index.html">
      <Filter>src\_micro-api-readonly\libraries\SdFat</Filter>
    </None>
    <None Include="..\..\libraries\SdFat\extras\html\inherits.html">
      <Filter>src\_micro-api-readonly\libraries\SdFat</Filter>
    </None>
    <None Include="..\..\libraries\SdFat\extras\html\iostream_8h.html">
      <Filter>src\_micro-api-readonly\libraries\SdFat</Filter>
    </None>
    <None Include="..\..\libraries\SdFat\extras\html\ios_8h.html">
      <Filter>src\_micro-api-readonly\libraries\SdFat</Filter>
    </None>
    <None Include="..\..\libraries\SdFat\extras\html\istream_8h.html">
      <Filter>src\_micro-api-readonly\libraries\SdFat</Filter>
    </None>
    <None Include="..\..\libraries\SdFat\extras\html\ostream_8h.html">
      <Filter>src\_micro-api-readonly\libraries\SdFat</Filter>
    </None>
    <None Include="..\..\libraries\SdFat\extras\html\structbios_parm_block-members.html">
      <Filter>src\_micro-api-readonly\libraries\SdFat</Filter>
    </None>
    <None Include="..\..\libraries\SdFat\extras\html\structbios_parm_block.html">
      <Filter>src\_micro-api-readonly\libraries\SdFat</Filter>
    </None>
    <None Include="..\..\libraries\SdFat\extras\html\structdirectory_entry-members.html">
      <Filter>src\_micro-api-readonly\libraries\SdFat</Filter>
    </None>
    <None Include="..\..\libraries\SdFat\extras\html\structdirectory_entry.html">
      <Filter>src\_micro-api-readonly\libraries\SdFat</Filter>
    </None>
    <None Include="..\..\libraries\SdFat\extras\html\structfat32__boot-members.html">
      <Filter>src\_micro-api-readonly\libraries\SdFat</Filter>
    </None>
    <None Include="..\..\libraries\SdFat\extras\html\structfat32__boot.html">
      <Filter>src\_micro-api-readonly\libraries\SdFat</Filter>
    </None>
    <None Include="..\..\libraries\SdFat\extras\html\structfat32__fsinfo-members.html">
      <Filter>src\_micro-api-readonly\libraries\SdFat</Filter>
    </None>
    <None Include="..\..\libraries\SdFat\extras\html\structfat32__fsinfo.html">
      <Filter>src\_micro-api-readonly\libraries\SdFat</Filter>
    </None>
    <None Include="..\..\libraries\SdFat\extras\html\structfat__boot-members.html">
      <Filter>src\_micro-api-readonly\libraries\SdFat</Filter>
    </None>
    <None Include="..\..\libraries\SdFat\extras\html\structfat__boot.html">
      <Filter>src\_micro-api-readonly\libraries\SdFat</Filter>
    </None>
    <None Include="..\..\libraries\SdFat\extras\html\structfname__t-members.html">
      <Filter>src\_micro-api-readonly\libraries\SdFat</Filter>
    </None>
    <None Include="..\..\libraries\SdFat\extras\html\structfname__t.html">
      <Filter>src\_micro-api-readonly\libraries\SdFat</Filter>
    </None>
    <None Include="..\..\libraries\SdFat\extras\html\structlong_directory_entry-members.html">
      <Filter>src\_micro-api-readonly\libraries\SdFat</Filter>
    </None>
    <None Include="..\..\libraries\SdFat\extras\html\structlong_directory_entry.html">
      <Filter>src\_micro-api-readonly\libraries\SdFat</Filter>
    </None>
    <None Include="..\..\libraries\SdFat\extras\html\structmaster_boot_record-members.html">
      <Filter>src\_micro-api-readonly\libraries\SdFat</Filter>
    </None>
    <None Include="..\..\libraries\SdFat\extras\html\structmaster_boot_record.html">
      <Filter>src\_micro-api-readonly\libraries\SdFat</Filter>
    </None>
    <None Include="..\..\libraries\SdFat\extras\html\structpartition_table-members.html">
      <Filter>src\_micro-api-readonly\libraries\SdFat</Filter>
    </None>
    <None Include="..\..\libraries\SdFat\extras\html\structpartition_table.html">
      <Filter>src\_micro-api-readonly\libraries\SdFat</Filter>
    </None>
    <None Include="..\..\libraries\SdFat\extras\html\structsetfill-members.html">
      <Filter>src\_micro-api-readonly\libraries\SdFat</Filter>
    </None>
    <None Include="..\..\libraries\SdFat\extras\html\structsetfill.html">
      <Filter>src\_micro-api-readonly\libraries\SdFat</Filter>
    </None>
    <None Include="..\..\libraries\SdFat\extras\html\structsetprecision-members.html">
      <Filter>src\_micro-api-readonly\libraries\SdFat</Filter>
    </None>
    <None Include="..\..\libraries\SdFat\extras\html\structsetprecision.html">
      <Filter>src\_micro-api-readonly\libraries\SdFat</Filter>
    </None>
    <None Include="..\..\libraries\SdFat\extras\html\structsetw-members.html">
      <Filter>src\_micro-api-readonly\libraries\SdFat</Filter>
    </None>
    <None Include="..\..\libraries\SdFat\extras\html\structsetw.html">
      <Filter>src\_micro-api-readonly\libraries\SdFat</Filter>
    </None>
    <None Include="..\..\libraries\SdFat\extras\html\struct_fat_pos__t-members.html">
      <Filter>src\_micro-api-readonly\libraries\SdFat</Filter>
    </None>
    <None Include="..\..\libraries\SdFat\extras\html\struct_fat_pos__t.html">
      <Filter>src\_micro-api-readonly\libraries\SdFat</Filter>
    </None>
    <None Include="..\..\libraries\SdFat\extras\html\unioncache__t-members.html">
      <Filter>src\_micro-api-readonly\libraries\SdFat</Filter>
    </None>
    <None Include="..\..\libraries\SdFat\extras\html\unioncache__t.html">
      <Filter>src\_micro-api-readonly\libraries\SdFat</Filter>
    </None>
    <None Include="..\..\libraries\SdFat\extras\html\_arduino_files_8h.html">
      <Filter>src\_micro-api-readonly\libraries\SdFat</Filter>
    </None>
    <None Include="..\..\libraries\SdFat\extras\html\_arduino_stream_8h.html">
      <Filter>src\_micro-api-readonly\libraries\SdFat</Filter>
    </None>
    <None Include="..\..\libraries\SdFat\extras\html\_block_driver_8h.html">
      <Filter>src\_micro-api-readonly\libraries\SdFat</Filter>
    </None>
    <None Include="..\..\libraries\SdFat\extras\html\_fat_file_8h.html">
      <Filter>src\_micro-api-readonly\libraries\SdFat</Filter>
    </None>
    <None Include="..\..\libraries\SdFat\extras\html\_fat_file_system_8h.html">
      <Filter>src\_micro-api-readonly\libraries\SdFat</Filter>
    </None>
    <None Include="..\..\libraries\SdFat\extras\html\_fat_lib_config_8h.html">
      <Filter>src\_micro-api-readonly\libraries\SdFat</Filter>
    </None>
    <None Include="..\..\libraries\SdFat\extras\html\_fat_structs_8h.html">
      <Filter>src\_micro-api-readonly\libraries\SdFat</Filter>
    </None>
    <None Include="..\..\libraries\SdFat\extras\html\_fat_volume_8h.html">
      <Filter>src\_micro-api-readonly\libraries\SdFat</Filter>
    </None>
    <None Include="..\..\libraries\SdFat\extras\html\_free_stack_8h.html">
      <Filter>src\_micro-api-readonly\libraries\SdFat</Filter>
    </None>
    <None Include="..\..\libraries\SdFat\extras\html\_minimum_serial_8h.html">
      <Filter>src\_micro-api-readonly\libraries\SdFat</Filter>
    </None>
    <None Include="..\..\libraries\SdFat\extras\html\_sd_fat_8h.html">
      <Filter>src\_micro-api-readonly\libraries\SdFat</Filter>
    </None>
    <None Include="..\..\libraries\SdFat\extras\html\_sd_fat_config_8h.html">
      <Filter>src\_micro-api-readonly\libraries\SdFat</Filter>
    </None>
    <None Include="..\..\libraries\SdFat\extras\html\_sd_spi_card_8h.html">
      <Filter>src\_micro-api-readonly\libraries\SdFat</Filter>
    </None>
    <None Include="..\..\libraries\SdFat\extras\html\_stdio_stream_8h.html">
      <Filter>src\_micro-api-readonly\libraries\SdFat</Filter>
    </None>
    <None Include="..\..\libraries\SdFat\extras\html\_sys_call_8h.html">
      <Filter>src\_micro-api-readonly\libraries\SdFat</Filter>
    </None>
    <None Include="..\..\libraries\SdFat\extras\html\search\all_0.html">
      <Filter>src\_micro-api-readonly\libraries\SdFat</Filter>
    </None>
    <None Include="..\..\libraries\SdFat\extras\html\search\all_1.html">
      <Filter>src\_micro-api-readonly\libraries\SdFat</Filter>
    </None>
    <None Include="..\..\libraries\SdFat\extras\html\search\all_10.html">
      <Filter>src\_micro-api-readonly\libraries\SdFat</Filter>
    </None>
    <None Include="..\..\libraries\SdFat\extras\html\search\all_11.html">
      <Filter>src\_micro-api-readonly\libraries\SdFat</Filter>
    </None>
    <None Include="..\..\libraries\SdFat\extras\html\search\all_12.html">
      <Filter>src\_micro-api-readonly\libraries\SdFat</Filter>
    </None>
    <None Include="..\..\libraries\SdFat\extras\html\search\all_13.html">
      <Filter>src\_micro-api-readonly\libraries\SdFat</Filter>
    </None>
    <None Include="..\..\libraries\SdFat\extras\html\search\all_14.html">
      <Filter>src\_micro-api-readonly\libraries\SdFat</Filter>
    </None>
    <None Include="..\..\libraries\SdFat\extras\html\search\all_15.html">
      <Filter>src\_micro-api-readonly\libraries\SdFat</Filter>
    </None>
    <None Include="..\..\libraries\SdFat\extras\html\search\all_16.html">
      <Filter>src\_micro-api-readonly\libraries\SdFat</Filter>
    </None>
    <None Include="..\..\libraries\SdFat\extras\html\search\all_2.html">
      <Filter>src\_micro-api-readonly\libraries\SdFat</Filter>
    </None>
    <None Include="..\..\libraries\SdFat\extras\html\search\all_3.html">
      <Filter>src\_micro-api-readonly\libraries\SdFat</Filter>
    </None>
    <None Include="..\..\libraries\SdFat\extras\html\search\all_4.html">
      <Filter>src\_micro-api-readonly\libraries\SdFat</Filter>
    </None>
    <None Include="..\..\libraries\SdFat\extras\html\search\all_5.html">
      <Filter>src\_micro-api-readonly\libraries\SdFat</Filter>
    </None>
    <None Include="..\..\libraries\SdFat\extras\html\search\all_6.html">
      <Filter>src\_micro-api-readonly\libraries\SdFat</Filter>
    </None>
    <None Include="..\..\libraries\SdFat\extras\html\search\all_7.html">
      <Filter>src\_micro-api-readonly\libraries\SdFat</Filter>
    </None>
    <None Include="..\..\libraries\SdFat\extras\html\search\all_8.html">
      <Filter>src\_micro-api-readonly\libraries\SdFat</Filter>
    </None>
    <None Include="..\..\libraries\SdFat\extras\html\search\all_9.html">
      <Filter>src\_micro-api-readonly\libraries\SdFat</Filter>
    </None>
    <None Include="..\..\libraries\SdFat\extras\html\search\all_a.html">
      <Filter>src\_micro-api-readonly\libraries\SdFat</Filter>
    </None>
    <None Include="..\..\libraries\SdFat\extras\html\search\all_b.html">
      <Filter>src\_micro-api-readonly\libraries\SdFat</Filter>
    </None>
    <None Include="..\..\libraries\SdFat\extras\html\search\all_c.html">
      <Filter>src\_micro-api-readonly\libraries\SdFat</Filter>
    </None>
    <None Include="..\..\libraries\SdFat\extras\html\search\all_d.html">
      <Filter>src\_micro-api-readonly\libraries\SdFat</Filter>
    </None>
    <None Include="..\..\libraries\SdFat\extras\html\search\all_e.html">
      <Filter>src\_micro-api-readonly\libraries\SdFat</Filter>
    </None>
    <None Include="..\..\libraries\SdFat\extras\html\search\all_f.html">
      <Filter>src\_micro-api-readonly\libraries\SdFat</Filter>
    </None>
    <None Include="..\..\libraries\SdFat\extras\html\search\classes_0.html">
      <Filter>src\_micro-api-readonly\libraries\SdFat</Filter>
    </None>
    <None Include="..\..\libraries\SdFat\extras\html\search\classes_1.html">
      <Filter>src\_micro-api-readonly\libraries\SdFat</Filter>
    </None>
    <None Include="..\..\libraries\SdFat\extras\html\search\classes_2.html">
      <Filter>src\_micro-api-readonly\libraries\SdFat</Filter>
    </None>
    <None Include="..\..\libraries\SdFat\extras\html\search\classes_3.html">
      <Filter>src\_micro-api-readonly\libraries\SdFat</Filter>
    </None>
    <None Include="..\..\libraries\SdFat\extras\html\search\classes_4.html">
      <Filter>src\_micro-api-readonly\libraries\SdFat</Filter>
    </None>
    <None Include="..\..\libraries\SdFat\extras\html\search\classes_5.html">
      <Filter>src\_micro-api-readonly\libraries\SdFat</Filter>
    </None>
    <None Include="..\..\libraries\SdFat\extras\html\search\classes_6.html">
      <Filter>src\_micro-api-readonly\libraries\SdFat</Filter>
    </None>
    <None Include="..\..\libraries\SdFat\extras\html\search\classes_7.html">
      <Filter>src\_micro-api-readonly\libraries\SdFat</Filter>
    </None>
    <None Include="..\..\libraries\SdFat\extras\html\search\classes_8.html">
      <Filter>src\_micro-api-readonly\libraries\SdFat</Filter>
    </None>
    <None Include="..\..\libraries\SdFat\extras\html\search\classes_9.html">
      <Filter>src\_micro-api-readonly\libraries\SdFat</Filter>
    </None>
    <None Include="..\..\libraries\SdFat\extras\html\search\classes_a.html">
      <Filter>src\_micro-api-readonly\libraries\SdFat</Filter>
    </None>
    <None Include="..\..\libraries\SdFat\extras\html\search\defines_0.html">
      <Filter>src\_micro-api-readonly\libraries\SdFat</Filter>
    </None>
    <None Include="..\..\libraries\SdFat\extras\html\search\defines_1.html">
      <Filter>src\_micro-api-readonly\libraries\SdFat</Filter>
    </None>
    <None Include="..\..\libraries\SdFat\extras\html\search\defines_2.html">
      <Filter>src\_micro-api-readonly\libraries\SdFat</Filter>
    </None>
    <None Include="..\..\libraries\SdFat\extras\html\search\defines_3.html">
      <Filter>src\_micro-api-readonly\libraries\SdFat</Filter>
    </None>
    <None Include="..\..\libraries\SdFat\extras\html\search\defines_4.html">
      <Filter>src\_micro-api-readonly\libraries\SdFat</Filter>
    </None>
    <None Include="..\..\libraries\SdFat\extras\html\search\defines_5.html">
      <Filter>src\_micro-api-readonly\libraries\SdFat</Filter>
    </None>
    <None Include="..\..\libraries\SdFat\extras\html\search\defines_6.html">
      <Filter>src\_micro-api-readonly\libraries\SdFat</Filter>
    </None>
    <None Include="..\..\libraries\SdFat\extras\html\search\defines_7.html">
      <Filter>src\_micro-api-readonly\libraries\SdFat</Filter>
    </None>
    <None Include="..\..\libraries\SdFat\extras\html\search\defines_8.html">
      <Filter>src\_micro-api-readonly\libraries\SdFat</Filter>
    </None>
    <None Include="..\..\libraries\SdFat\extras\html\search\defines_9.html">
      <Filter>src\_micro-api-readonly\libraries\SdFat</Filter>
    </None>
    <None Include="..\..\libraries\SdFat\extras\html\search\enums_0.html">
      <Filter>src\_micro-api-readonly\libraries\SdFat</Filter>
    </None>
    <None Include="..\..\libraries\SdFat\extras\html\search\enumvalues_0.html">
      <Filter>src\_micro-api-readonly\libraries\SdFat</Filter>
    </None>
    <None Include="..\..\libraries\SdFat\extras\html\search\enumvalues_1.html">
      <Filter>src\_micro-api-readonly\libraries\SdFat</Filter>
    </None>
    <None Include="..\..\libraries\SdFat\extras\html\search\enumvalues_2.html">
      <Filter>src\_micro-api-readonly\libraries\SdFat</Filter>
    </None>
    <None Include="..\..\libraries\SdFat\extras\html\search\files_0.html">
      <Filter>src\_micro-api-readonly\libraries\SdFat</Filter>
    </None>
    <None Include="..\..\libraries\SdFat\extras\html\search\files_1.html">
      <Filter>src\_micro-api-readonly\libraries\SdFat</Filter>
    </None>
    <None Include="..\..\libraries\SdFat\extras\html\search\files_2.html">
      <Filter>src\_micro-api-readonly\libraries\SdFat</Filter>
    </None>
    <None Include="..\..\libraries\SdFat\extras\html\search\files_3.html">
      <Filter>src\_micro-api-readonly\libraries\SdFat</Filter>
    </None>
    <None Include="..\..\libraries\SdFat\extras\html\search\files_4.html">
      <Filter>src\_micro-api-readonly\libraries\SdFat</Filter>
    </None>
    <None Include="..\..\libraries\SdFat\extras\html\search\files_5.html">
      <Filter>src\_micro-api-readonly\libraries\SdFat</Filter>
    </None>
    <None Include="..\..\libraries\SdFat\extras\html\search\files_6.html">
      <Filter>src\_micro-api-readonly\libraries\SdFat</Filter>
    </None>
    <None Include="..\..\libraries\SdFat\extras\html\search\functions_0.html">
      <Filter>src\_micro-api-readonly\libraries\SdFat</Filter>
    </None>
    <None Include="..\..\libraries\SdFat\extras\html\search\functions_1.html">
      <Filter>src\_micro-api-readonly\libraries\SdFat</Filter>
    </None>
    <None Include="..\..\libraries\SdFat\extras\html\search\functions_10.html">
      <Filter>src\_micro-api-readonly\libraries\SdFat</Filter>
    </None>
    <None Include="..\..\libraries\SdFat\extras\html\search\functions_11.html">
      <Filter>src\_micro-api-readonly\libraries\SdFat</Filter>
    </None>
    <None Include="..\..\libraries\SdFat\extras\html\search\functions_12.html">
      <Filter>src\_micro-api-readonly\libraries\SdFat</Filter>
    </None>
    <None Include="..\..\libraries\SdFat\extras\html\search\functions_13.html">
      <Filter>src\_micro-api-readonly\libraries\SdFat</Filter>
    </None>
    <None Include="..\..\libraries\SdFat\extras\html\search\functions_14.html">
      <Filter>src\_micro-api-readonly\libraries\SdFat</Filter>
    </None>
    <None Include="..\..\libraries\SdFat\extras\html\search\functions_2.html">
      <Filter>src\_micro-api-readonly\libraries\SdFat</Filter>
    </None>
    <None Include="..\..\libraries\SdFat\extras\html\search\functions_3.html">
      <Filter>src\_micro-api-readonly\libraries\SdFat</Filter>
    </None>
    <None Include="..\..\libraries\SdFat\extras\html\search\functions_4.html">
      <Filter>src\_micro-api-readonly\libraries\SdFat</Filter>
    </None>
    <None Include="..\..\libraries\SdFat\extras\html\search\functions_5.html">
      <Filter>src\_micro-api-readonly\libraries\SdFat</Filter>
    </None>
    <None Include="..\..\libraries\SdFat\extras\html\search\functions_6.html">
      <Filter>src\_micro-api-readonly\libraries\SdFat</Filter>
    </None>
    <None Include="..\..\libraries\SdFat\extras\html\search\functions_7.html">
      <Filter>src\_micro-api-readonly\libraries\SdFat</Filter>
    </None>
    <None Include="..\..\libraries\SdFat\extras\html\search\functions_8.html">
      <Filter>src\_micro-api-readonly\libraries\SdFat</Filter>
    </None>
    <None Include="..\..\libraries\SdFat\extras\html\search\functions_9.html">
      <Filter>src\_micro-api-readonly\libraries\SdFat</Filter>
    </None>
    <None Include="..\..\libraries\SdFat\extras\html\search\functions_a.html">
      <Filter>src\_micro-api-readonly\libraries\SdFat</Filter>
    </None>
    <None Include="..\..\libraries\SdFat\extras\html\search\functions_b.html">
      <Filter>src\_micro-api-readonly\libraries\SdFat</Filter>
    </None>
    <None Include="..\..\libraries\SdFat\extras\html\search\functions_c.html">
      <Filter>src\_micro-api-readonly\libraries\SdFat</Filter>
    </None>
    <None Include="..\..\libraries\SdFat\extras\html\search\functions_d.html">
      <Filter>src\_micro-api-readonly\libraries\SdFat</Filter>
    </None>
    <None Include="..\..\libraries\SdFat\extras\html\search\functions_e.html">
      <Filter>src\_micro-api-readonly\libraries\SdFat</Filter>
    </None>
    <None Include="..\..\libraries\SdFat\extras\html\search\functions_f.html">
      <Filter>src\_micro-api-readonly\libraries\SdFat</Filter>
    </None>
    <None Include="..\..\libraries\SdFat\extras\html\search\nomatches.html">
      <Filter>src\_micro-api-readonly\libraries\SdFat</Filter>
    </None>
    <None Include="..\..\libraries\SdFat\extras\html\search\pages_0.html">
      <Filter>src\_micro-api-readonly\libraries\SdFat</Filter>
    </None>
    <None Include="..\..\libraries\SdFat\extras\html\search\typedefs_0.html">
      <Filter>src\_micro-api-readonly\libraries\SdFat</Filter>
    </None>
    <None Include="..\..\libraries\SdFat\extras\html\search\typedefs_1.html">
      <Filter>src\_micro-api-readonly\libraries\SdFat</Filter>
    </None>
    <None Include="..\..\libraries\SdFat\extras\html\search\typedefs_2.html">
      <Filter>src\_micro-api-readonly\libraries\SdFat</Filter>
    </None>
    <None Include="..\..\libraries\SdFat\extras\html\search\typedefs_3.html">
      <Filter>src\_micro-api-readonly\libraries\SdFat</Filter>
    </None>
    <None Include="..\..\libraries\SdFat\extras\html\search\typedefs_4.html">
      <Filter>src\_micro-api-readonly\libraries\SdFat</Filter>
    </None>
    <None Include="..\..\libraries\SdFat\extras\html\search\typedefs_5.html">
      <Filter>src\_micro-api-readonly\libraries\SdFat</Filter>
    </None>
    <None Include="..\..\libraries\SdFat\extras\html\search\typedefs_6.html">
      <Filter>src\_micro-api-readonly\libraries\SdFat</Filter>
    </None>
    <None Include="..\..\libraries\SdFat\extras\html\search\typedefs_7.html">
      <Filter>src\_micro-api-readonly\libraries\SdFat</Filter>
    </None>
    <None Include="..\..\libraries\SdFat\extras\html\search\typedefs_8.html">
      <Filter>src\_micro-api-readonly\libraries\SdFat</Filter>
    </None>
    <None Include="..\..\libraries\SdFat\extras\html\search\variables_0.html">
      <Filter>src\_micro-api-readonly\libraries\SdFat</Filter>
    </None>
    <None Include="..\..\libraries\SdFat\extras\html\search\variables_1.html">
      <Filter>src\_micro-api-readonly\libraries\SdFat</Filter>
    </None>
    <None Include="..\..\libraries\SdFat\extras\html\search\variables_10.html">
      <Filter>src\_micro-api-readonly\libraries\SdFat</Filter>
    </None>
    <None Include="..\..\libraries\SdFat\extras\html\search\variables_11.html">
      <Filter>src\_micro-api-readonly\libraries\SdFat</Filter>
    </None>
    <None Include="..\..\libraries\SdFat\extras\html\search\variables_12.html">
      <Filter>src\_micro-api-readonly\libraries\SdFat</Filter>
    </None>
    <None Include="..\..\libraries\SdFat\extras\html\search\variables_13.html">
      <Filter>src\_micro-api-readonly\libraries\SdFat</Filter>
    </None>
    <None Include="..\..\libraries\SdFat\extras\html\search\variables_14.html">
      <Filter>src\_micro-api-readonly\libraries\SdFat</Filter>
    </None>
    <None Include="..\..\libraries\SdFat\extras\html\search\variables_15.html">
      <Filter>src\_micro-api-readonly\libraries\SdFat</Filter>
    </None>
    <None Include="..\..\libraries\SdFat\extras\html\search\variables_2.html">
      <Filter>src\_micro-api-readonly\libraries\SdFat</Filter>
    </None>
    <None Include="..\..\libraries\SdFat\extras\html\search\variables_3.html">
      <Filter>src\_micro-api-readonly\libraries\SdFat</Filter>
    </None>
    <None Include="..\..\libraries\SdFat\extras\html\search\variables_4.html">
      <Filter>src\_micro-api-readonly\libraries\SdFat</Filter>
    </None>
    <None Include="..\..\libraries\SdFat\extras\html\search\variables_5.html">
      <Filter>src\_micro-api-readonly\libraries\SdFat</Filter>
    </None>
    <None Include="..\..\libraries\SdFat\extras\html\search\variables_6.html">
      <Filter>src\_micro-api-readonly\libraries\SdFat</Filter>
    </None>
    <None Include="..\..\libraries\SdFat\extras\html\search\variables_7.html">
      <Filter>src\_micro-api-readonly\libraries\SdFat</Filter>
    </None>
    <None Include="..\..\libraries\SdFat\extras\html\search\variables_8.html">
      <Filter>src\_micro-api-readonly\libraries\SdFat</Filter>
    </None>
    <None Include="..\..\libraries\SdFat\extras\html\search\variables_9.html">
      <Filter>src\_micro-api-readonly\libraries\SdFat</Filter>
    </None>
    <None Include="..\..\libraries\SdFat\extras\html\search\variables_a.html">
      <Filter>src\_micro-api-readonly\libraries\SdFat</Filter>
    </None>
    <None Include="..\..\libraries\SdFat\extras\html\search\variables_b.html">
      <Filter>src\_micro-api-readonly\libraries\SdFat</Filter>
    </None>
    <None Include="..\..\libraries\SdFat\extras\html\search\variables_c.html">
      <Filter>src\_micro-api-readonly\libraries\SdFat</Filter>
    </None>
    <None Include="..\..\libraries\SdFat\extras\html\search\variables_d.html">
      <Filter>src\_micro-api-readonly\libraries\SdFat</Filter>
    </None>
    <None Include="..\..\libraries\SdFat\extras\html\search\variables_e.html">
      <Filter>src\_micro-api-readonly\libraries\SdFat</Filter>
    </None>
    <None Include="..\..\libraries\SdFat\extras\html\search\variables_f.html">
      <Filter>src\_micro-api-readonly\libraries\SdFat</Filter>
    </None>
    <None Include="..\..\hardware\Arduino_STM32\STM32F1\libraries\SPI\library.properties">
      <Filter>src\_micro-api-readonly\libraries\SPI</Filter>
    </None>
    <None Include="..\..\libraries\USBHID_stm32f1\library.properties">
      <Filter>src\_micro-api-readonly\libraries\USBHID_stm32f1</Filter>
    </None>
    <None Include="..\..\hardware\Arduino_STM32\STM32F1\libraries\Wire\library.properties">
      <Filter>src\_micro-api-readonly\libraries\Wire</Filter>
    </None>
  </ItemGroup>
  <ItemGroup>
    <ClInclude Include="__vm\.ComboProcessor.vsarduino.h">
      <Filter>Header Files</Filter>
    </ClInclude>
    <ClInclude Include="ConsumerKeyCodes.h">
      <Filter>Header Files</Filter>
    </ClInclude>
    <ClInclude Include="CustomIcons.h">
      <Filter>Header Files</Filter>
    </ClInclude>
    <ClInclude Include="DuckyParser.h">
      <Filter>Header Files</Filter>
    </ClInclude>
    <ClInclude Include="I2CMatrix.h">
      <Filter>Header Files</Filter>
    </ClInclude>
    <ClInclude Include="Key.h">
      <Filter>Header Files</Filter>
    </ClInclude>
    <ClInclude Include="KeyboardCodes.h">
      <Filter>Header Files</Filter>
    </ClInclude>
    <ClInclude Include="..\..\hardware\Arduino_STM32\STM32F1\cores\maple\Arduino.h">
      <Filter>src\_micro-api-readonly\core</Filter>
    </ClInclude>
    <ClInclude Include="..\..\hardware\Arduino_STM32\STM32F1\cores\maple\bits.h">
      <Filter>src\_micro-api-readonly\core</Filter>
    </ClInclude>
    <ClInclude Include="..\..\hardware\Arduino_STM32\STM32F1\cores\maple\bit_constants.h">
      <Filter>src\_micro-api-readonly\core</Filter>
    </ClInclude>
    <ClInclude Include="..\..\hardware\Arduino_STM32\STM32F1\cores\maple\boards.h">
      <Filter>src\_micro-api-readonly\core</Filter>
    </ClInclude>
    <ClInclude Include="..\..\hardware\Arduino_STM32\STM32F1\cores\maple\boards_private.h">
      <Filter>src\_micro-api-readonly\core</Filter>
    </ClInclude>
    <ClInclude Include="..\..\hardware\Arduino_STM32\STM32F1\cores\maple\Client.h">
      <Filter>src\_micro-api-readonly\core</Filter>
    </ClInclude>
    <ClInclude Include="..\..\hardware\Arduino_STM32\STM32F1\cores\maple\ext_interrupts.h">
      <Filter>src\_micro-api-readonly\core</Filter>
    </ClInclude>
    <ClInclude Include="..\..\hardware\Arduino_STM32\STM32F1\cores\maple\HardwareSerial.h">
      <Filter>src\_micro-api-readonly\core</Filter>
    </ClInclude>
    <ClInclude Include="..\..\hardware\Arduino_STM32\STM32F1\cores\maple\HardwareTimer.h">
      <Filter>src\_micro-api-readonly\core</Filter>
    </ClInclude>
    <ClInclude Include="..\..\hardware\Arduino_STM32\STM32F1\cores\maple\io.h">
      <Filter>src\_micro-api-readonly\core</Filter>
    </ClInclude>
    <ClInclude Include="..\..\hardware\Arduino_STM32\STM32F1\cores\maple\IPAddress.h">
      <Filter>src\_micro-api-readonly\core</Filter>
    </ClInclude>
    <ClInclude Include="..\..\hardware\Arduino_STM32\STM32F1\cores\maple\itoa.h">
      <Filter>src\_micro-api-readonly\core</Filter>
    </ClInclude>
    <ClInclude Include="..\..\hardware\Arduino_STM32\STM32F1\cores\maple\Print.h">
      <Filter>src\_micro-api-readonly\core</Filter>
    </ClInclude>
    <ClInclude Include="..\..\hardware\Arduino_STM32\STM32F1\cores\maple\Printable.h">
      <Filter>src\_micro-api-readonly\core</Filter>
    </ClInclude>
    <ClInclude Include="..\..\hardware\Arduino_STM32\STM32F1\cores\maple\pwm.h">
      <Filter>src\_micro-api-readonly\core</Filter>
    </ClInclude>
    <ClInclude Include="..\..\hardware\Arduino_STM32\STM32F1\cores\maple\Server.h">
      <Filter>src\_micro-api-readonly\core</Filter>
    </ClInclude>
    <ClInclude Include="..\..\hardware\Arduino_STM32\STM32F1\cores\maple\Stream.h">
      <Filter>src\_micro-api-readonly\core</Filter>
    </ClInclude>
    <ClInclude Include="..\..\hardware\Arduino_STM32\STM32F1\cores\maple\tone.h">
      <Filter>src\_micro-api-readonly\core</Filter>
    </ClInclude>
    <ClInclude Include="..\..\hardware\Arduino_STM32\STM32F1\cores\maple\Udp.h">
      <Filter>src\_micro-api-readonly\core</Filter>
    </ClInclude>
    <ClInclude Include="..\..\hardware\Arduino_STM32\STM32F1\cores\maple\usb_serial.h">
      <Filter>src\_micro-api-readonly\core</Filter>
    </ClInclude>
    <ClInclude Include="..\..\hardware\Arduino_STM32\STM32F1\cores\maple\WCharacter.h">
      <Filter>src\_micro-api-readonly\core</Filter>
    </ClInclude>
    <ClInclude Include="..\..\hardware\Arduino_STM32\STM32F1\cores\maple\wiring_private.h">
      <Filter>src\_micro-api-readonly\core</Filter>
    </ClInclude>
    <ClInclude Include="..\..\hardware\Arduino_STM32\STM32F1\cores\maple\wiring_pulse.h">
      <Filter>src\_micro-api-readonly\core</Filter>
    </ClInclude>
    <ClInclude Include="..\..\hardware\Arduino_STM32\STM32F1\cores\maple\wirish.h">
      <Filter>src\_micro-api-readonly\core</Filter>
    </ClInclude>
    <ClInclude Include="..\..\hardware\Arduino_STM32\STM32F1\cores\maple\wirish_constants.h">
      <Filter>src\_micro-api-readonly\core</Filter>
    </ClInclude>
    <ClInclude Include="..\..\hardware\Arduino_STM32\STM32F1\cores\maple\wirish_debug.h">
      <Filter>src\_micro-api-readonly\core</Filter>
    </ClInclude>
    <ClInclude Include="..\..\hardware\Arduino_STM32\STM32F1\cores\maple\wirish_math.h">
      <Filter>src\_micro-api-readonly\core</Filter>
    </ClInclude>
    <ClInclude Include="..\..\hardware\Arduino_STM32\STM32F1\cores\maple\wirish_time.h">
      <Filter>src\_micro-api-readonly\core</Filter>
    </ClInclude>
    <ClInclude Include="..\..\hardware\Arduino_STM32\STM32F1\cores\maple\wirish_types.h">
      <Filter>src\_micro-api-readonly\core</Filter>
    </ClInclude>
    <ClInclude Include="..\..\hardware\Arduino_STM32\STM32F1\cores\maple\WProgram.h">
      <Filter>src\_micro-api-readonly\core</Filter>
    </ClInclude>
    <ClInclude Include="..\..\hardware\Arduino_STM32\STM32F1\cores\maple\WString.h">
      <Filter>src\_micro-api-readonly\core</Filter>
    </ClInclude>
    <ClInclude Include="..\..\hardware\Arduino_STM32\STM32F1\cores\maple\avr\dtostrf.h">
      <Filter>src\_micro-api-readonly\core\avr</Filter>
    </ClInclude>
    <ClInclude Include="..\..\hardware\Arduino_STM32\STM32F1\cores\maple\avr\interrupt.h">
      <Filter>src\_micro-api-readonly\core\avr</Filter>
    </ClInclude>
    <ClInclude Include="..\..\hardware\Arduino_STM32\STM32F1\cores\maple\avr\pgmspace.h">
      <Filter>src\_micro-api-readonly\core\avr</Filter>
    </ClInclude>
    <ClInclude Include="..\..\hardware\Arduino_STM32\STM32F1\variants\generic_stm32f103c\pins_arduino.h">
      <Filter>src\_micro-api-readonly\core</Filter>
    </ClInclude>
    <ClInclude Include="..\..\hardware\Arduino_STM32\STM32F1\variants\generic_stm32f103c\variant.h">
      <Filter>src\_micro-api-readonly\core</Filter>
    </ClInclude>
    <ClInclude Include="..\..\libraries\Adafruit_GFX_Library\Adafruit_GFX.h">
      <Filter>src\_micro-api-readonly\libraries\Adafruit_GFX_Library</Filter>
    </ClInclude>
    <ClInclude Include="..\..\libraries\Adafruit_GFX_Library\gfxfont.h">
      <Filter>src\_micro-api-readonly\libraries\Adafruit_GFX_Library</Filter>
    </ClInclude>
    <ClInclude Include="..\..\libraries\Adafruit_MCP23017_Arduino_Library\Adafruit_MCP23017.h">
      <Filter>src\_micro-api-readonly\libraries\Adafruit_MCP23017_Arduino_Library</Filter>
    </ClInclude>
    <ClInclude Include="..\..\libraries\Adafruit_SSD1306\Adafruit_SSD1306.h">
      <Filter>src\_micro-api-readonly\libraries\Adafruit_SSD1306</Filter>
    </ClInclude>
    <ClInclude Include="..\..\libraries\BPLib\src\BPLib.h">
      <Filter>src\_micro-api-readonly\libraries\BPLib</Filter>
    </ClInclude>
    <ClInclude Include="..\..\libraries\eepromi2c_Anything\eepromi2c_Anything.h">
      <Filter>src\_micro-api-readonly\libraries\eepromi2c_Anything</Filter>
    </ClInclude>
    <ClInclude Include="..\..\libraries\encoder\ClickEncoder.h">
      <Filter>src\_micro-api-readonly\libraries\encoder</Filter>
    </ClInclude>
    <ClInclude Include="..\..\libraries\PS2Mouse\PS2Mouse.h">
      <Filter>src\_micro-api-readonly\libraries\PS2Mouse</Filter>
    </ClInclude>
    <ClInclude Include="..\..\libraries\SdFat\extras\AnalogBinLoggerExtras\bintocsv\AnalogBinLogger.h">
      <Filter>src\_micro-api-readonly\libraries\SdFat</Filter>
    </ClInclude>
    <ClInclude Include="..\..\libraries\SdFat\extras\MainPage\SdFatmainpage.h">
      <Filter>src\_micro-api-readonly\libraries\SdFat</Filter>
    </ClInclude>
    <ClInclude Include="..\..\libraries\SdFat\extras\SdFatTestSuite\SdFatTestSuite.h">
      <Filter>src\_micro-api-readonly\libraries\SdFat</Filter>
    </ClInclude>
    <ClInclude Include="..\..\libraries\SdFat\src\BlockDriver.h">
      <Filter>src\_micro-api-readonly\libraries\SdFat</Filter>
    </ClInclude>
    <ClInclude Include="..\..\libraries\SdFat\src\FreeStack.h">
      <Filter>src\_micro-api-readonly\libraries\SdFat</Filter>
    </ClInclude>
    <ClInclude Include="..\..\libraries\SdFat\src\MinimumSerial.h">
      <Filter>src\_micro-api-readonly\libraries\SdFat</Filter>
    </ClInclude>
    <ClInclude Include="..\..\libraries\SdFat\src\SdFat.h">
      <Filter>src\_micro-api-readonly\libraries\SdFat</Filter>
    </ClInclude>
    <ClInclude Include="..\..\libraries\SdFat\src\SdFatConfig.h">
      <Filter>src\_micro-api-readonly\libraries\SdFat</Filter>
    </ClInclude>
    <ClInclude Include="..\..\libraries\SdFat\src\SysCall.h">
      <Filter>src\_micro-api-readonly\libraries\SdFat</Filter>
    </ClInclude>
    <ClInclude Include="..\..\libraries\SdFat\src\FatLib\ArduinoFiles.h">
      <Filter>src\_micro-api-readonly\libraries\SdFat</Filter>
    </ClInclude>
    <ClInclude Include="..\..\libraries\SdFat\src\FatLib\ArduinoStream.h">
      <Filter>src\_micro-api-readonly\libraries\SdFat</Filter>
    </ClInclude>
    <ClInclude Include="..\..\libraries\SdFat\src\FatLib\BaseBlockDriver.h">
      <Filter>src\_micro-api-readonly\libraries\SdFat</Filter>
    </ClInclude>
    <ClInclude Include="..\..\libraries\SdFat\src\FatLib\bufstream.h">
      <Filter>src\_micro-api-readonly\libraries\SdFat</Filter>
    </ClInclude>
    <ClInclude Include="..\..\libraries\SdFat\src\FatLib\FatApiConstants.h">
      <Filter>src\_micro-api-readonly\libraries\SdFat</Filter>
    </ClInclude>
    <ClInclude Include="..\..\libraries\SdFat\src\FatLib\FatFile.h">
      <Filter>src\_micro-api-readonly\libraries\SdFat</Filter>
    </ClInclude>
    <ClInclude Include="..\..\libraries\SdFat\src\FatLib\FatFileSystem.h">
      <Filter>src\_micro-api-readonly\libraries\SdFat</Filter>
    </ClInclude>
    <ClInclude Include="..\..\libraries\SdFat\src\FatLib\FatLib.h">
      <Filter>src\_micro-api-readonly\libraries\SdFat</Filter>
    </ClInclude>
    <ClInclude Include="..\..\libraries\SdFat\src\FatLib\FatLibConfig.h">
      <Filter>src\_micro-api-readonly\libraries\SdFat</Filter>
    </ClInclude>
    <ClInclude Include="..\..\libraries\SdFat\src\FatLib\FatStructs.h">
      <Filter>src\_micro-api-readonly\libraries\SdFat</Filter>
    </ClInclude>
    <ClInclude Include="..\..\libraries\SdFat\src\FatLib\FatVolume.h">
      <Filter>src\_micro-api-readonly\libraries\SdFat</Filter>
    </ClInclude>
    <ClInclude Include="..\..\libraries\SdFat\src\FatLib\FmtNumber.h">
      <Filter>src\_micro-api-readonly\libraries\SdFat</Filter>
    </ClInclude>
    <ClInclude Include="..\..\libraries\SdFat\src\FatLib\fstream.h">
      <Filter>src\_micro-api-readonly\libraries\SdFat</Filter>
    </ClInclude>
    <ClInclude Include="..\..\libraries\SdFat\src\FatLib\ios.h">
      <Filter>src\_micro-api-readonly\libraries\SdFat</Filter>
    </ClInclude>
    <ClInclude Include="..\..\libraries\SdFat\src\FatLib\iostream.h">
      <Filter>src\_micro-api-readonly\libraries\SdFat</Filter>
    </ClInclude>
    <ClInclude Include="..\..\libraries\SdFat\src\FatLib\istream.h">
      <Filter>src\_micro-api-readonly\libraries\SdFat</Filter>
    </ClInclude>
    <ClInclude Include="..\..\libraries\SdFat\src\FatLib\ostream.h">
      <Filter>src\_micro-api-readonly\libraries\SdFat</Filter>
    </ClInclude>
    <ClInclude Include="..\..\libraries\SdFat\src\FatLib\StdioStream.h">
      <Filter>src\_micro-api-readonly\libraries\SdFat</Filter>
    </ClInclude>
    <ClInclude Include="..\..\libraries\SdFat\src\SdCard\SdInfo.h">
      <Filter>src\_micro-api-readonly\libraries\SdFat</Filter>
    </ClInclude>
    <ClInclude Include="..\..\libraries\SdFat\src\SdCard\SdioCard.h">
      <Filter>src\_micro-api-readonly\libraries\SdFat</Filter>
    </ClInclude>
    <ClInclude Include="..\..\libraries\SdFat\src\SdCard\SdSpiCard.h">
      <Filter>src\_micro-api-readonly\libraries\SdFat</Filter>
    </ClInclude>
    <ClInclude Include="..\..\libraries\SdFat\src\SpiDriver\DigitalPin.h">
      <Filter>src\_micro-api-readonly\libraries\SdFat</Filter>
    </ClInclude>
    <ClInclude Include="..\..\libraries\SdFat\src\SpiDriver\SdSpiBaseDriver.h">
      <Filter>src\_micro-api-readonly\libraries\SdFat</Filter>
    </ClInclude>
    <ClInclude Include="..\..\libraries\SdFat\src\SpiDriver\SdSpiDriver.h">
      <Filter>src\_micro-api-readonly\libraries\SdFat</Filter>
    </ClInclude>
    <ClInclude Include="..\..\libraries\SdFat\src\SpiDriver\SoftSPI.h">
      <Filter>src\_micro-api-readonly\libraries\SdFat</Filter>
    </ClInclude>
    <ClInclude Include="..\..\libraries\SdFat\src\SpiDriver\boards\AvrDevelopersGpioPinMap.h">
      <Filter>src\_micro-api-readonly\libraries\SdFat</Filter>
    </ClInclude>
    <ClInclude Include="..\..\libraries\SdFat\src\SpiDriver\boards\BobuinoGpioPinMap.h">
      <Filter>src\_micro-api-readonly\libraries\SdFat</Filter>
    </ClInclude>
    <ClInclude Include="..\..\libraries\SdFat\src\SpiDriver\boards\GpioPinMap.h">
      <Filter>src\_micro-api-readonly\libraries\SdFat</Filter>
    </ClInclude>
    <ClInclude Include="..\..\libraries\SdFat\src\SpiDriver\boards\LeonardoGpioPinMap.h">
      <Filter>src\_micro-api-readonly\libraries\SdFat</Filter>
    </ClInclude>
    <ClInclude Include="..\..\libraries\SdFat\src\SpiDriver\boards\MegaGpioPinMap.h">
      <Filter>src\_micro-api-readonly\libraries\SdFat</Filter>
    </ClInclude>
    <ClInclude Include="..\..\libraries\SdFat\src\SpiDriver\boards\SleepingBeautyGpioPinMap.h">
      <Filter>src\_micro-api-readonly\libraries\SdFat</Filter>
    </ClInclude>
    <ClInclude Include="..\..\libraries\SdFat\src\SpiDriver\boards\Standard1284GpioPinMap.h">
      <Filter>src\_micro-api-readonly\libraries\SdFat</Filter>
    </ClInclude>
    <ClInclude Include="..\..\libraries\SdFat\src\SpiDriver\boards\Teensy2GpioPinMap.h">
      <Filter>src\_micro-api-readonly\libraries\SdFat</Filter>
    </ClInclude>
    <ClInclude Include="..\..\libraries\SdFat\src\SpiDriver\boards\Teensy2ppGpioPinMap.h">
      <Filter>src\_micro-api-readonly\libraries\SdFat</Filter>
    </ClInclude>
    <ClInclude Include="..\..\libraries\SdFat\src\SpiDriver\boards\UnoGpioPinMap.h">
      <Filter>src\_micro-api-readonly\libraries\SdFat</Filter>
    </ClInclude>
    <ClInclude Include="..\..\hardware\Arduino_STM32\STM32F1\libraries\SPI\src\SPI.h">
      <Filter>src\_micro-api-readonly\libraries\SPI</Filter>
    </ClInclude>
    <ClInclude Include="..\..\libraries\TimedAction\TimedAction.h">
      <Filter>src\_micro-api-readonly\libraries\TimedAction</Filter>
    </ClInclude>
    <ClInclude Include="..\..\libraries\USBHID_stm32f1\HIDReportDescriptorGenerator.h">
      <Filter>src\_micro-api-readonly\libraries\USBHID_stm32f1</Filter>
    </ClInclude>
    <ClInclude Include="..\..\libraries\USBHID_stm32f1\MidiSpecs.h">
      <Filter>src\_micro-api-readonly\libraries\USBHID_stm32f1</Filter>
    </ClInclude>
    <ClInclude Include="..\..\libraries\USBHID_stm32f1\MinSysex.h">
      <Filter>src\_micro-api-readonly\libraries\USBHID_stm32f1</Filter>
    </ClInclude>
    <ClInclude Include="..\..\libraries\USBHID_stm32f1\USBHID.h">
      <Filter>src\_micro-api-readonly\libraries\USBHID_stm32f1</Filter>
    </ClInclude>
    <ClInclude Include="..\..\libraries\USBHID_stm32f1\USBMIDI.h">
      <Filter>src\_micro-api-readonly\libraries\USBHID_stm32f1</Filter>
    </ClInclude>
    <ClInclude Include="..\..\libraries\USBHID_stm32f1\usb_composite.h">
      <Filter>src\_micro-api-readonly\libraries\USBHID_stm32f1</Filter>
    </ClInclude>
    <ClInclude Include="..\..\libraries\USBHID_stm32f1\usb_generic.h">
      <Filter>src\_micro-api-readonly\libraries\USBHID_stm32f1</Filter>
    </ClInclude>
    <ClInclude Include="..\..\libraries\USBHID_stm32f1\usb_midi_device.h">
      <Filter>src\_micro-api-readonly\libraries\USBHID_stm32f1</Filter>
    </ClInclude>
    <ClInclude Include="..\..\libraries\USBHID_stm32f1\usb_x360.h">
      <Filter>src\_micro-api-readonly\libraries\USBHID_stm32f1</Filter>
    </ClInclude>
    <ClInclude Include="..\..\libraries\USBHID_stm32f1\XBox360.h">
      <Filter>src\_micro-api-readonly\libraries\USBHID_stm32f1</Filter>
    </ClInclude>
    <ClInclude Include="..\..\hardware\Arduino_STM32\STM32F1\libraries\Wire\SoftWire.h">
      <Filter>src\_micro-api-readonly\libraries\Wire</Filter>
    </ClInclude>
    <ClInclude Include="..\..\hardware\Arduino_STM32\STM32F1\libraries\Wire\Wire.h">
      <Filter>src\_micro-api-readonly\libraries\Wire</Filter>
    </ClInclude>
    <ClInclude Include="..\..\hardware\Arduino_STM32\STM32F1\libraries\Wire\Wire_slave.h">
      <Filter>src\_micro-api-readonly\libraries\Wire</Filter>
    </ClInclude>
    <ClInclude Include="..\..\hardware\Arduino_STM32\STM32F1\libraries\Wire\utility\WireBase.h">
      <Filter>src\_micro-api-readonly\libraries\Wire\utility</Filter>
    </ClInclude>
  </ItemGroup>
  <ItemGroup>
    <ClCompile Include="DuckyParser.cpp">
      <Filter>Source Files</Filter>
    </ClCompile>
    <ClCompile Include="I2CMatrix.cpp">
      <Filter>Source Files</Filter>
    </ClCompile>
    <ClCompile Include="Key.cpp">
      <Filter>Source Files</Filter>
    </ClCompile>
    <ClCompile Include="..\..\hardware\Arduino_STM32\STM32F1\cores\maple\cxxabi-compat.cpp">
      <Filter>src\_micro-api-readonly\core</Filter>
    </ClCompile>
    <ClCompile Include="..\..\hardware\Arduino_STM32\STM32F1\cores\maple\ext_interrupts.cpp">
      <Filter>src\_micro-api-readonly\core</Filter>
    </ClCompile>
    <ClCompile Include="..\..\hardware\Arduino_STM32\STM32F1\cores\maple\HardwareSerial.cpp">
      <Filter>src\_micro-api-readonly\core</Filter>
    </ClCompile>
    <ClCompile Include="..\..\hardware\Arduino_STM32\STM32F1\cores\maple\HardwareTimer.cpp">
      <Filter>src\_micro-api-readonly\core</Filter>
    </ClCompile>
    <ClCompile Include="..\..\hardware\Arduino_STM32\STM32F1\cores\maple\IPAddress.cpp">
      <Filter>src\_micro-api-readonly\core</Filter>
    </ClCompile>
    <ClCompile Include="..\..\hardware\Arduino_STM32\STM32F1\cores\maple\main.cpp">
      <Filter>src\_micro-api-readonly\core</Filter>
    </ClCompile>
    <ClCompile Include="..\..\hardware\Arduino_STM32\STM32F1\cores\maple\new.cpp">
      <Filter>src\_micro-api-readonly\core</Filter>
    </ClCompile>
    <ClCompile Include="..\..\hardware\Arduino_STM32\STM32F1\cores\maple\Print.cpp">
      <Filter>src\_micro-api-readonly\core</Filter>
    </ClCompile>
    <ClCompile Include="..\..\hardware\Arduino_STM32\STM32F1\cores\maple\pwm.cpp">
      <Filter>src\_micro-api-readonly\core</Filter>
    </ClCompile>
    <ClCompile Include="..\..\hardware\Arduino_STM32\STM32F1\cores\maple\sdio.cpp">
      <Filter>src\_micro-api-readonly\core</Filter>
    </ClCompile>
    <ClCompile Include="..\..\hardware\Arduino_STM32\STM32F1\cores\maple\Stream.cpp">
      <Filter>src\_micro-api-readonly\core</Filter>
    </ClCompile>
    <ClCompile Include="..\..\hardware\Arduino_STM32\STM32F1\cores\maple\tone.cpp">
      <Filter>src\_micro-api-readonly\core</Filter>
    </ClCompile>
    <ClCompile Include="..\..\hardware\Arduino_STM32\STM32F1\cores\maple\usb_serial.cpp">
      <Filter>src\_micro-api-readonly\core</Filter>
    </ClCompile>
    <ClCompile Include="..\..\hardware\Arduino_STM32\STM32F1\cores\maple\wirish_analog.cpp">
      <Filter>src\_micro-api-readonly\core</Filter>
    </ClCompile>
    <ClCompile Include="..\..\hardware\Arduino_STM32\STM32F1\cores\maple\wirish_digital.cpp">
      <Filter>src\_micro-api-readonly\core</Filter>
    </ClCompile>
    <ClCompile Include="..\..\hardware\Arduino_STM32\STM32F1\cores\maple\wirish_math.cpp">
      <Filter>src\_micro-api-readonly\core</Filter>
    </ClCompile>
    <ClCompile Include="..\..\hardware\Arduino_STM32\STM32F1\cores\maple\wirish_shift.cpp">
      <Filter>src\_micro-api-readonly\core</Filter>
    </ClCompile>
    <ClCompile Include="..\..\hardware\Arduino_STM32\STM32F1\cores\maple\wirish_time.cpp">
      <Filter>src\_micro-api-readonly\core</Filter>
    </ClCompile>
    <ClCompile Include="..\..\hardware\Arduino_STM32\STM32F1\cores\maple\WString.cpp">
      <Filter>src\_micro-api-readonly\core</Filter>
    </ClCompile>
    <ClCompile Include="..\..\hardware\Arduino_STM32\STM32F1\cores\maple\stm32f1\wiring_pulse_f1.cpp">
      <Filter>src\_micro-api-readonly\core\stm32f1</Filter>
    </ClCompile>
    <ClCompile Include="..\..\hardware\Arduino_STM32\STM32F1\cores\maple\stm32f1\wirish_debug.cpp">
      <Filter>src\_micro-api-readonly\core\stm32f1</Filter>
    </ClCompile>
    <ClCompile Include="..\..\hardware\Arduino_STM32\STM32F1\cores\maple\stm32f1\wirish_digital_f1.cpp">
      <Filter>src\_micro-api-readonly\core\stm32f1</Filter>
    </ClCompile>
    <ClCompile Include="..\..\hardware\Arduino_STM32\STM32F1\variants\generic_stm32f103c\board.cpp">
      <Filter>src\_micro-api-readonly\core</Filter>
    </ClCompile>
    <ClCompile Include="..\..\libraries\Adafruit_GFX_Library\Adafruit_GFX.cpp">
      <Filter>src\_micro-api-readonly\libraries\Adafruit_GFX_Library</Filter>
    </ClCompile>
    <ClCompile Include="..\..\libraries\Adafruit_GFX_Library\glcdfont.c">
      <Filter>src\_micro-api-readonly\libraries\Adafruit_GFX_Library</Filter>
    </ClCompile>
    <ClCompile Include="..\..\libraries\Adafruit_MCP23017_Arduino_Library\Adafruit_MCP23017.cpp">
      <Filter>src\_micro-api-readonly\libraries\Adafruit_MCP23017_Arduino_Library</Filter>
    </ClCompile>
    <ClCompile Include="..\..\libraries\Adafruit_SSD1306\Adafruit_SSD1306.cpp">
      <Filter>src\_micro-api-readonly\libraries\Adafruit_SSD1306</Filter>
    </ClCompile>
    <ClCompile Include="..\..\libraries\BPLib\src\BPLib.cpp">
      <Filter>src\_micro-api-readonly\libraries\BPLib</Filter>
    </ClCompile>
    <ClCompile Include="..\..\libraries\encoder\ClickEncoder.cpp">
      <Filter>src\_micro-api-readonly\libraries\encoder</Filter>
    </ClCompile>
    <ClCompile Include="..\..\libraries\PS2Mouse\PS2Mouse.cpp">
      <Filter>src\_micro-api-readonly\libraries\PS2Mouse</Filter>
    </ClCompile>
    <ClCompile Include="..\..\libraries\SdFat\extras\AnalogBinLoggerExtras\bintocsv\bintocsv.cpp">
      <Filter>src\_micro-api-readonly\libraries\SdFat</Filter>
    </ClCompile>
    <ClCompile Include="..\..\libraries\SdFat\extras\SdFatTestSuite\SdFatTestSuite.cpp">
      <Filter>src\_micro-api-readonly\libraries\SdFat</Filter>
    </ClCompile>
    <ClCompile Include="..\..\libraries\SdFat\src\MinimumSerial.cpp">
      <Filter>src\_micro-api-readonly\libraries\SdFat</Filter>
    </ClCompile>
    <ClCompile Include="..\..\libraries\SdFat\src\FatLib\FatFile.cpp">
      <Filter>src\_micro-api-readonly\libraries\SdFat</Filter>
    </ClCompile>
    <ClCompile Include="..\..\libraries\SdFat\src\FatLib\FatFileLFN.cpp">
      <Filter>src\_micro-api-readonly\libraries\SdFat</Filter>
    </ClCompile>
    <ClCompile Include="..\..\libraries\SdFat\src\FatLib\FatFilePrint.cpp">
      <Filter>src\_micro-api-readonly\libraries\SdFat</Filter>
    </ClCompile>
    <ClCompile Include="..\..\libraries\SdFat\src\FatLib\FatFileSFN.cpp">
      <Filter>src\_micro-api-readonly\libraries\SdFat</Filter>
    </ClCompile>
    <ClCompile Include="..\..\libraries\SdFat\src\FatLib\FatVolume.cpp">
      <Filter>src\_micro-api-readonly\libraries\SdFat</Filter>
    </ClCompile>
    <ClCompile Include="..\..\libraries\SdFat\src\FatLib\FmtNumber.cpp">
      <Filter>src\_micro-api-readonly\libraries\SdFat</Filter>
    </ClCompile>
    <ClCompile Include="..\..\libraries\SdFat\src\FatLib\fstream.cpp">
      <Filter>src\_micro-api-readonly\libraries\SdFat</Filter>
    </ClCompile>
    <ClCompile Include="..\..\libraries\SdFat\src\FatLib\istream.cpp">
      <Filter>src\_micro-api-readonly\libraries\SdFat</Filter>
    </ClCompile>
    <ClCompile Include="..\..\libraries\SdFat\src\FatLib\ostream.cpp">
      <Filter>src\_micro-api-readonly\libraries\SdFat</Filter>
    </ClCompile>
    <ClCompile Include="..\..\libraries\SdFat\src\FatLib\StdioStream.cpp">
      <Filter>src\_micro-api-readonly\libraries\SdFat</Filter>
    </ClCompile>
    <ClCompile Include="..\..\libraries\SdFat\src\SdCard\SdioCardEX.cpp">
      <Filter>src\_micro-api-readonly\libraries\SdFat</Filter>
    </ClCompile>
    <ClCompile Include="..\..\libraries\SdFat\src\SdCard\SdioTeensy.cpp">
      <Filter>src\_micro-api-readonly\libraries\SdFat</Filter>
    </ClCompile>
    <ClCompile Include="..\..\libraries\SdFat\src\SdCard\SdSpiCard.cpp">
      <Filter>src\_micro-api-readonly\libraries\SdFat</Filter>
    </ClCompile>
    <ClCompile Include="..\..\libraries\SdFat\src\SdCard\SdSpiCardEX.cpp">
      <Filter>src\_micro-api-readonly\libraries\SdFat</Filter>
    </ClCompile>
    <ClCompile Include="..\..\libraries\SdFat\src\SpiDriver\SdSpiESP8266.cpp">
      <Filter>src\_micro-api-readonly\libraries\SdFat</Filter>
    </ClCompile>
    <ClCompile Include="..\..\libraries\SdFat\src\SpiDriver\SdSpiSAM3X.cpp">
      <Filter>src\_micro-api-readonly\libraries\SdFat</Filter>
    </ClCompile>
    <ClCompile Include="..\..\libraries\SdFat\src\SpiDriver\SdSpiSTM32.cpp">
      <Filter>src\_micro-api-readonly\libraries\SdFat</Filter>
    </ClCompile>
    <ClCompile Include="..\..\libraries\SdFat\src\SpiDriver\SdSpiTeensy3.cpp">
      <Filter>src\_micro-api-readonly\libraries\SdFat</Filter>
    </ClCompile>
    <ClCompile Include="..\..\hardware\Arduino_STM32\STM32F1\libraries\SPI\src\SPI.cpp">
      <Filter>src\_micro-api-readonly\libraries\SPI</Filter>
    </ClCompile>
    <ClCompile Include="..\..\libraries\TimedAction\TimedAction.cpp">
      <Filter>src\_micro-api-readonly\libraries\TimedAction</Filter>
    </ClCompile>
    <ClCompile Include="..\..\libraries\USBHID_stm32f1\AbsMouse.cpp">
      <Filter>src\_micro-api-readonly\libraries\USBHID_stm32f1</Filter>
    </ClCompile>
    <ClCompile Include="..\..\libraries\USBHID_stm32f1\BootKeyboard.cpp">
      <Filter>src\_micro-api-readonly\libraries\USBHID_stm32f1</Filter>
    </ClCompile>
    <ClCompile Include="..\..\libraries\USBHID_stm32f1\BootKeyboardReport.cpp">
      <Filter>src\_micro-api-readonly\libraries\USBHID_stm32f1</Filter>
    </ClCompile>
    <ClCompile Include="..\..\libraries\USBHID_stm32f1\CompositeSerial.cpp">
      <Filter>src\_micro-api-readonly\libraries\USBHID_stm32f1</Filter>
    </ClCompile>
    <ClCompile Include="..\..\libraries\USBHID_stm32f1\Consumer.cpp">
      <Filter>src\_micro-api-readonly\libraries\USBHID_stm32f1</Filter>
    </ClCompile>
    <ClCompile Include="..\..\libraries\USBHID_stm32f1\Joystick.cpp">
      <Filter>src\_micro-api-readonly\libraries\USBHID_stm32f1</Filter>
    </ClCompile>
    <ClCompile Include="..\..\libraries\USBHID_stm32f1\JoystickReport.cpp">
      <Filter>src\_micro-api-readonly\libraries\USBHID_stm32f1</Filter>
    </ClCompile>
    <ClCompile Include="..\..\libraries\USBHID_stm32f1\Keyboard.cpp">
      <Filter>src\_micro-api-readonly\libraries\USBHID_stm32f1</Filter>
    </ClCompile>
    <ClCompile Include="..\..\libraries\USBHID_stm32f1\KeyboardJoystickReport.cpp">
      <Filter>src\_micro-api-readonly\libraries\USBHID_stm32f1</Filter>
    </ClCompile>
    <ClCompile Include="..\..\libraries\USBHID_stm32f1\KeyboardMouseJoystickReport.cpp">
      <Filter>src\_micro-api-readonly\libraries\USBHID_stm32f1</Filter>
    </ClCompile>
    <ClCompile Include="..\..\libraries\USBHID_stm32f1\KeyboardMouseReport.cpp">
      <Filter>src\_micro-api-readonly\libraries\USBHID_stm32f1</Filter>
    </ClCompile>
    <ClCompile Include="..\..\libraries\USBHID_stm32f1\KeyboardReport.cpp">
      <Filter>src\_micro-api-readonly\libraries\USBHID_stm32f1</Filter>
    </ClCompile>
    <ClCompile Include="..\..\libraries\USBHID_stm32f1\MinSysex.c">
      <Filter>src\_micro-api-readonly\libraries\USBHID_stm32f1</Filter>
    </ClCompile>
    <ClCompile Include="..\..\libraries\USBHID_stm32f1\Mouse.cpp">
      <Filter>src\_micro-api-readonly\libraries\USBHID_stm32f1</Filter>
    </ClCompile>
    <ClCompile Include="..\..\libraries\USBHID_stm32f1\MouseReport.cpp">
      <Filter>src\_micro-api-readonly\libraries\USBHID_stm32f1</Filter>
    </ClCompile>
    <ClCompile Include="..\..\libraries\USBHID_stm32f1\usb_composite.c">
      <Filter>src\_micro-api-readonly\libraries\USBHID_stm32f1</Filter>
    </ClCompile>
    <ClCompile Include="..\..\libraries\USBHID_stm32f1\usb_generic.c">
      <Filter>src\_micro-api-readonly\libraries\USBHID_stm32f1</Filter>
    </ClCompile>
    <ClCompile Include="..\..\libraries\USBHID_stm32f1\usb_hid_device.cpp">
      <Filter>src\_micro-api-readonly\libraries\USBHID_stm32f1</Filter>
    </ClCompile>
    <ClCompile Include="..\..\libraries\USBHID_stm32f1\usb_midi.cpp">
      <Filter>src\_micro-api-readonly\libraries\USBHID_stm32f1</Filter>
    </ClCompile>
    <ClCompile Include="..\..\libraries\USBHID_stm32f1\usb_midi_device.c">
      <Filter>src\_micro-api-readonly\libraries\USBHID_stm32f1</Filter>
    </ClCompile>
    <ClCompile Include="..\..\libraries\USBHID_stm32f1\usb_setup.cpp">
      <Filter>src\_micro-api-readonly\libraries\USBHID_stm32f1</Filter>
    </ClCompile>
    <ClCompile Include="..\..\libraries\USBHID_stm32f1\usb_x360.c">
      <Filter>src\_micro-api-readonly\libraries\USBHID_stm32f1</Filter>
    </ClCompile>
    <ClCompile Include="..\..\libraries\USBHID_stm32f1\x360.cpp">
      <Filter>src\_micro-api-readonly\libraries\USBHID_stm32f1</Filter>
    </ClCompile>
    <ClCompile Include="..\..\hardware\Arduino_STM32\STM32F1\libraries\Wire\SoftWire.cpp">
      <Filter>src\_micro-api-readonly\libraries\Wire</Filter>
    </ClCompile>
    <ClCompile Include="..\..\hardware\Arduino_STM32\STM32F1\libraries\Wire\Wire.cpp">
      <Filter>src\_micro-api-readonly\libraries\Wire</Filter>
    </ClCompile>
    <ClCompile Include="..\..\hardware\Arduino_STM32\STM32F1\libraries\Wire\utility\WireBase.cpp">
      <Filter>src\_micro-api-readonly\libraries\Wire\utility</Filter>
    </ClCompile>
  </ItemGroup>
  <ItemGroup>
    <Text Include="..\..\libraries\Adafruit_GFX_Library\license.txt">
      <Filter>src\_micro-api-readonly\libraries\Adafruit_GFX_Library</Filter>
    </Text>
    <Text Include="..\..\libraries\Adafruit_MCP23017_Arduino_Library\keywords.txt">
      <Filter>src\_micro-api-readonly\libraries\Adafruit_MCP23017_Arduino_Library</Filter>
    </Text>
    <Text Include="..\..\libraries\Adafruit_MCP23017_Arduino_Library\license.txt">
      <Filter>src\_micro-api-readonly\libraries\Adafruit_MCP23017_Arduino_Library</Filter>
    </Text>
    <Text Include="..\..\libraries\Adafruit_MCP23017_Arduino_Library\README.txt">
      <Filter>src\_micro-api-readonly\libraries\Adafruit_MCP23017_Arduino_Library</Filter>
    </Text>
    <Text Include="..\..\libraries\Adafruit_SSD1306\license.txt">
      <Filter>src\_micro-api-readonly\libraries\Adafruit_SSD1306</Filter>
    </Text>
    <Text Include="..\..\libraries\Adafruit_SSD1306\README.txt">
      <Filter>src\_micro-api-readonly\libraries\Adafruit_SSD1306</Filter>
    </Text>
    <Text Include="..\..\libraries\encoder\LICENSING.txt">
      <Filter>src\_micro-api-readonly\libraries\encoder</Filter>
    </Text>
    <Text Include="..\..\libraries\SdFat\extras\changes.txt">
      <Filter>src\_micro-api-readonly\libraries\SdFat</Filter>
    </Text>
    <Text Include="..\..\libraries\SdFat\extras\AnalogBinLoggerExtras\AdcErrorStudy.txt">
      <Filter>src\_micro-api-readonly\libraries\SdFat</Filter>
    </Text>
    <Text Include="..\..\libraries\SdFat\extras\AnalogBinLoggerExtras\RateTable.txt">
      <Filter>src\_micro-api-readonly\libraries\SdFat</Filter>
    </Text>
    <Text Include="..\..\libraries\SdFat\extras\AnalogBinLoggerExtras\readme.txt">
      <Filter>src\_micro-api-readonly\libraries\SdFat</Filter>
    </Text>
    <Text Include="..\..\hardware\Arduino_STM32\STM32F1\libraries\SPI\keywords.txt">
      <Filter>src\_micro-api-readonly\libraries\SPI</Filter>
    </Text>
    <Text Include="..\..\hardware\Arduino_STM32\STM32F1\libraries\SPI\src\README.txt">
      <Filter>src\_micro-api-readonly\libraries\SPI</Filter>
    </Text>
    <Text Include="..\..\libraries\TimedAction\keywords.txt">
      <Filter>src\_micro-api-readonly\libraries\TimedAction</Filter>
    </Text>
    <Text Include="..\..\libraries\USBHID_stm32f1\keywords.txt">
      <Filter>src\_micro-api-readonly\libraries\USBHID_stm32f1</Filter>
    </Text>
    <Text Include="..\..\hardware\Arduino_STM32\STM32F1\libraries\Wire\keywords.txt">
      <Filter>src\_micro-api-readonly\libraries\Wire</Filter>
    </Text>
  </ItemGroup>
</Project>